// !$*UTF8*$!
{
	archiveVersion = 1;
	classes = {
	};
	objectVersion = 46;
	objects = {

/* Begin PBXBuildFile section */
		A08C33621C7F77D6004FEC4B /* AppDelegate.swift in Sources */ = {isa = PBXBuildFile; fileRef = A08C33611C7F77D6004FEC4B /* AppDelegate.swift */; };
		A08C33641C7F77D6004FEC4B /* ViewController.swift in Sources */ = {isa = PBXBuildFile; fileRef = A08C33631C7F77D6004FEC4B /* ViewController.swift */; };
		A08C33671C7F77D6004FEC4B /* Main.storyboard in Resources */ = {isa = PBXBuildFile; fileRef = A08C33651C7F77D6004FEC4B /* Main.storyboard */; };
		A08C33691C7F77D6004FEC4B /* Assets.xcassets in Resources */ = {isa = PBXBuildFile; fileRef = A08C33681C7F77D6004FEC4B /* Assets.xcassets */; };
		A08C336C1C7F77D6004FEC4B /* LaunchScreen.storyboard in Resources */ = {isa = PBXBuildFile; fileRef = A08C336A1C7F77D6004FEC4B /* LaunchScreen.storyboard */; };
/* End PBXBuildFile section */

/* Begin PBXFileReference section */
		A08C335E1C7F77D6004FEC4B /* Multiples.app */ = {isa = PBXFileReference; explicitFileType = wrapper.application; includeInIndex = 0; path = Multiples.app; sourceTree = BUILT_PRODUCTS_DIR; };
		A08C33611C7F77D6004FEC4B /* AppDelegate.swift */ = {isa = PBXFileReference; lastKnownFileType = sourcecode.swift; path = AppDelegate.swift; sourceTree = "<group>"; };
		A08C33631C7F77D6004FEC4B /* ViewController.swift */ = {isa = PBXFileReference; lastKnownFileType = sourcecode.swift; path = ViewController.swift; sourceTree = "<group>"; };
		A08C33661C7F77D6004FEC4B /* Base */ = {isa = PBXFileReference; lastKnownFileType = file.storyboard; name = Base; path = Base.lproj/Main.storyboard; sourceTree = "<group>"; };
		A08C33681C7F77D6004FEC4B /* Assets.xcassets */ = {isa = PBXFileReference; lastKnownFileType = folder.assetcatalog; path = Assets.xcassets; sourceTree = "<group>"; };
		A08C336B1C7F77D6004FEC4B /* Base */ = {isa = PBXFileReference; lastKnownFileType = file.storyboard; name = Base; path = Base.lproj/LaunchScreen.storyboard; sourceTree = "<group>"; };
		A08C336D1C7F77D6004FEC4B /* Info.plist */ = {isa = PBXFileReference; lastKnownFileType = text.plist.xml; path = Info.plist; sourceTree = "<group>"; };
/* End PBXFileReference section */

/* Begin PBXFrameworksBuildPhase section */
		A08C335B1C7F77D6004FEC4B /* Frameworks */ = {
			isa = PBXFrameworksBuildPhase;
			buildActionMask = 2147483647;
			files = (
			);
			runOnlyForDeploymentPostprocessing = 0;
		};
/* End PBXFrameworksBuildPhase section */

/* Begin PBXGroup section */
		A08C33551C7F77D6004FEC4B = {
			isa = PBXGroup;
			children = (
				A08C33601C7F77D6004FEC4B /* Multiples */,
				A08C335F1C7F77D6004FEC4B /* Products */,
			);
			sourceTree = "<group>";
		};
		A08C335F1C7F77D6004FEC4B /* Products */ = {
			isa = PBXGroup;
			children = (
				A08C335E1C7F77D6004FEC4B /* Multiples.app */,
			);
			name = Products;
			sourceTree = "<group>";
		};
		A08C33601C7F77D6004FEC4B /* Multiples */ = {
			isa = PBXGroup;
			children = (
				A08C33611C7F77D6004FEC4B /* AppDelegate.swift */,
				A08C33631C7F77D6004FEC4B /* ViewController.swift */,
				A08C33651C7F77D6004FEC4B /* Main.storyboard */,
				A08C33681C7F77D6004FEC4B /* Assets.xcassets */,
				A08C336A1C7F77D6004FEC4B /* LaunchScreen.storyboard */,
				A08C336D1C7F77D6004FEC4B /* Info.plist */,
			);
			path = Multiples;
			sourceTree = "<group>";
		};
/* End PBXGroup section */

/* Begin PBXNativeTarget section */
		A08C335D1C7F77D6004FEC4B /* Multiples */ = {
			isa = PBXNativeTarget;
			buildConfigurationList = A08C33701C7F77D6004FEC4B /* Build configuration list for PBXNativeTarget "Multiples" */;
			buildPhases = (
				A08C335A1C7F77D6004FEC4B /* Sources */,
				A08C335B1C7F77D6004FEC4B /* Frameworks */,
				A08C335C1C7F77D6004FEC4B /* Resources */,
			);
			buildRules = (
			);
			dependencies = (
			);
			name = Multiples;
			productName = Multiples;
			productReference = A08C335E1C7F77D6004FEC4B /* Multiples.app */;
			productType = "com.apple.product-type.application";
		};
/* End PBXNativeTarget section */

/* Begin PBXProject section */
		A08C33561C7F77D6004FEC4B /* Project object */ = {
			isa = PBXProject;
			attributes = {
				LastSwiftUpdateCheck = 0730;
				LastUpgradeCheck = 0730;
				ORGANIZATIONNAME = "Abhishek H P";
				TargetAttributes = {
					A08C335D1C7F77D6004FEC4B = {
						CreatedOnToolsVersion = 7.3;
					};
				};
			};
			buildConfigurationList = A08C33591C7F77D6004FEC4B /* Build configuration list for PBXProject "Multiples" */;
			compatibilityVersion = "Xcode 3.2";
			developmentRegion = English;
			hasScannedForEncodings = 0;
			knownRegions = (
				en,
				Base,
			);
			mainGroup = A08C33551C7F77D6004FEC4B;
			productRefGroup = A08C335F1C7F77D6004FEC4B /* Products */;
			projectDirPath = "";
			projectRoot = "";
			targets = (
				A08C335D1C7F77D6004FEC4B /* Multiples */,
			);
		};
/* End PBXProject section */

/* Begin PBXResourcesBuildPhase section */
		A08C335C1C7F77D6004FEC4B /* Resources */ = {
			isa = PBXResourcesBuildPhase;
			buildActionMask = 2147483647;
			files = (
				A08C336C1C7F77D6004FEC4B /* LaunchScreen.storyboard in Resources */,
				A08C33691C7F77D6004FEC4B /* Assets.xcassets in Resources */,
				A08C33671C7F77D6004FEC4B /* Main.storyboard in Resources */,
			);
			runOnlyForDeploymentPostprocessing = 0;
		};
/* End PBXResourcesBuildPhase section */

/* Begin PBXSourcesBuildPhase section */
		A08C335A1C7F77D6004FEC4B /* Sources */ = {
			isa = PBXSourcesBuildPhase;
			buildActionMask = 2147483647;
			files = (
				A08C33641C7F77D6004FEC4B /* ViewController.swift in Sources */,
				A08C33621C7F77D6004FEC4B /* AppDelegate.swift in Sources */,
			);
			runOnlyForDeploymentPostprocessing = 0;
		};
/* End PBXSourcesBuildPhase section */

/* Begin PBXVariantGroup section */
		A08C33651C7F77D6004FEC4B /* Main.storyboard */ = {
			isa = PBXVariantGroup;
			children = (
				A08C33661C7F77D6004FEC4B /* Base */,
			);
			name = Main.storyboard;
			sourceTree = "<group>";
		};
		A08C336A1C7F77D6004FEC4B /* LaunchScreen.storyboard */ = {
			isa = PBXVariantGroup;
			children = (
				A08C336B1C7F77D6004FEC4B /* Base */,
			);
			name = LaunchScreen.storyboard;
			sourceTree = "<group>";
		};
/* End PBXVariantGroup section */

/* Begin XCBuildConfiguration section */
		A08C336E1C7F77D6004FEC4B /* Debug */ = {
			isa = XCBuildConfiguration;
			buildSettings = {
				ALWAYS_SEARCH_USER_PATHS = NO;
				CLANG_CXX_LANGUAGE_STANDARD = "gnu++0x";
				CLANG_CXX_LIBRARY = "libc++";
				CLANG_ENABLE_MODULES = YES;
				CLANG_ENABLE_OBJC_ARC = YES;
				CLANG_WARN_BOOL_CONVERSION = YES;
				CLANG_WARN_CONSTANT_CONVERSION = YES;
				CLANG_WARN_DIRECT_OBJC_ISA_USAGE = YES_ERROR;
				CLANG_WARN_EMPTY_BODY = YES;
				CLANG_WARN_ENUM_CONVERSION = YES;
				CLANG_WARN_INT_CONVERSION = YES;
				CLANG_WARN_OBJC_ROOT_CLASS = YES_ERROR;
				CLANG_WARN_UNREACHABLE_CODE = YES;
				CLANG_WARN__DUPLICATE_METHOD_MATCH = YES;
				"CODE_SIGN_IDENTITY[sdk=iphoneos*]" = "iPhone Developer";
				COPY_PHASE_STRIP = NO;
				DEBUG_INFORMATION_FORMAT = dwarf;
				ENABLE_STRICT_OBJC_MSGSEND = YES;
				ENABLE_TESTABILITY = YES;
				GCC_C_LANGUAGE_STANDARD = gnu99;
				GCC_DYNAMIC_NO_PIC = NO;
				GCC_NO_COMMON_BLOCKS = YES;
				GCC_OPTIMIZATION_LEVEL = 0;
				GCC_PREPROCESSOR_DEFINITIONS = (
					"DEBUG=1",
					"$(inherited)",
				);
				GCC_WARN_64_TO_32_BIT_CONVERSION = YES;
				GCC_WARN_ABOUT_RETURN_TYPE = YES_ERROR;
				GCC_WARN_UNDECLARED_SELECTOR = YES;
				GCC_WARN_UNINITIALIZED_AUTOS = YES_AGGRESSIVE;
				GCC_WARN_UNUSED_FUNCTION = YES;
				GCC_WARN_UNUSED_VARIABLE = YES;
				IPHONEOS_DEPLOYMENT_TARGET = 9.3;
				MTL_ENABLE_DEBUG_INFO = YES;
				ONLY_ACTIVE_ARCH = YES;
				SDKROOT = iphoneos;
				SWIFT_OPTIMIZATION_LEVEL = "-Onone";
				TARGETED_DEVICE_FAMILY = "1,2";
			};
			name = Debug;
		};
		A08C336F1C7F77D6004FEC4B /* Release */ = {
			isa = XCBuildConfiguration;
			buildSettings = {
				ALWAYS_SEARCH_USER_PATHS = NO;
				CLANG_CXX_LANGUAGE_STANDARD = "gnu++0x";
				CLANG_CXX_LIBRARY = "libc++";
				CLANG_ENABLE_MODULES = YES;
				CLANG_ENABLE_OBJC_ARC = YES;
				CLANG_WARN_BOOL_CONVERSION = YES;
				CLANG_WARN_CONSTANT_CONVERSION = YES;
				CLANG_WARN_DIRECT_OBJC_ISA_USAGE = YES_ERROR;
				CLANG_WARN_EMPTY_BODY = YES;
				CLANG_WARN_ENUM_CONVERSION = YES;
				CLANG_WARN_INT_CONVERSION = YES;
				CLANG_WARN_OBJC_ROOT_CLASS = YES_ERROR;
				CLANG_WARN_UNREACHABLE_CODE = YES;
				CLANG_WARN__DUPLICATE_METHOD_MATCH = YES;
				"CODE_SIGN_IDENTITY[sdk=iphoneos*]" = "iPhone Developer";
				COPY_PHASE_STRIP = NO;
				DEBUG_INFORMATION_FORMAT = "dwarf-with-dsym";
				ENABLE_NS_ASSERTIONS = NO;
				ENABLE_STRICT_OBJC_MSGSEND = YES;
				GCC_C_LANGUAGE_STANDARD = gnu99;
				GCC_NO_COMMON_BLOCKS = YES;
				GCC_WARN_64_TO_32_BIT_CONVERSION = YES;
				GCC_WARN_ABOUT_RETURN_TYPE = YES_ERROR;
				GCC_WARN_UNDECLARED_SELECTOR = YES;
				GCC_WARN_UNINITIALIZED_AUTOS = YES_AGGRESSIVE;
				GCC_WARN_UNUSED_FUNCTION = YES;
				GCC_WARN_UNUSED_VARIABLE = YES;
				IPHONEOS_DEPLOYMENT_TARGET = 9.3;
				MTL_ENABLE_DEBUG_INFO = NO;
				SDKROOT = iphoneos;
				TARGETED_DEVICE_FAMILY = "1,2";
				VALIDATE_PRODUCT = YES;
			};
			name = Release;
		};
		A08C33711C7F77D6004FEC4B /* Debug */ = {
			isa = XCBuildConfiguration;
			buildSettings = {
				ASSETCATALOG_COMPILER_APPICON_NAME = AppIcon;
				INFOPLIST_FILE = Multiples/Info.plist;
				LD_RUNPATH_SEARCH_PATHS = "$(inherited) @executable_path/Frameworks";
				PRODUCT_BUNDLE_IDENTIFIER = "com.abs.Label-HelloWorld.Multiples";
				PRODUCT_NAME = "$(TARGET_NAME)";
			};
			name = Debug;
		};
		A08C33721C7F77D6004FEC4B /* Release */ = {
			isa = XCBuildConfiguration;
			buildSettings = {
				ASSETCATALOG_COMPILER_APPICON_NAME = AppIcon;
				INFOPLIST_FILE = Multiples/Info.plist;
				LD_RUNPATH_SEARCH_PATHS = "$(inherited) @executable_path/Frameworks";
				PRODUCT_BUNDLE_IDENTIFIER = "com.abs.Label-HelloWorld.Multiples";
				PRODUCT_NAME = "$(TARGET_NAME)";
			};
			name = Release;
		};
/* End XCBuildConfiguration section */

/* Begin XCConfigurationList section */
		A08C33591C7F77D6004FEC4B /* Build configuration list for PBXProject "Multiples" */ = {
			isa = XCConfigurationList;
			buildConfigurations = (
				A08C336E1C7F77D6004FEC4B /* Debug */,
				A08C336F1C7F77D6004FEC4B /* Release */,
			);
			defaultConfigurationIsVisible = 0;
			defaultConfigurationName = Release;
		};
		A08C33701C7F77D6004FEC4B /* Build configuration list for PBXNativeTarget "Multiples" */ = {
			isa = XCConfigurationList;
			buildConfigurations = (
				A08C33711C7F77D6004FEC4B /* Debug */,
				A08C33721C7F77D6004FEC4B /* Release */,
			);
			defaultConfigurationIsVisible = 0;
		};
/* End XCConfigurationList section */
	};
	rootObject = A08C33561C7F77D6004FEC4B /* Project object */;
}
